<?xml version="1.0" encoding="utf-8"?>
<Project ToolsVersion="4.0" xmlns="http://schemas.microsoft.com/developer/msbuild/2003">
  <ItemGroup>
    <Filter Include="Source Files">
      <UniqueIdentifier>{4FC737F1-C7A5-4376-A066-2A32D752A2FF}</UniqueIdentifier>
      <Extensions>cpp;c;cc;cxx;c++;cppm;ixx;def;odl;idl;hpj;bat;asm;asmx</Extensions>
    </Filter>
    <Filter Include="Header Files">
      <UniqueIdentifier>{93995380-89BD-4b04-88EB-625FBE52EBFB}</UniqueIdentifier>
      <Extensions>h;hh;hpp;hxx;h++;hm;inl;inc;ipp;xsd</Extensions>
    </Filter>
    <Filter Include="Resource Files">
      <UniqueIdentifier>{67DA6AB6-F800-4c08-8B7A-83BB121AAD01}</UniqueIdentifier>
      <Extensions>rc;ico;cur;bmp;dlg;rc2;rct;bin;rgs;gif;jpg;jpeg;jpe;resx;tiff;tif;png;wav;mfcribbon-ms</Extensions>
    </Filter>
    <Filter Include="Source Files\Fundementals">
      <UniqueIdentifier>{0f1775df-cc58-43fd-b7c3-b14bbec84852}</UniqueIdentifier>
    </Filter>
    <Filter Include="Source Files\Creatures">
      <UniqueIdentifier>{be9edfde-abbe-4ae2-b0d7-b63c76663aaf}</UniqueIdentifier>
    </Filter>
    <Filter Include="Source Files\Managers">
      <UniqueIdentifier>{9e65fa49-b958-45ec-b869-0a5063305c6e}</UniqueIdentifier>
    </Filter>
    <Filter Include="Source Files\Creatures\Neurons">
      <UniqueIdentifier>{835e54b1-a6f1-494d-9afd-1ca5612a57c4}</UniqueIdentifier>
    </Filter>
    <Filter Include="Source Files\Managers\Visual">
      <UniqueIdentifier>{50d1d122-6e08-4f42-a2a7-5502bc14287b}</UniqueIdentifier>
    </Filter>
  </ItemGroup>
  <ItemGroup>
    <ClCompile Include="Color.cpp">
      <Filter>Source Files\Fundementals</Filter>
    </ClCompile>
    <ClCompile Include="Vector2.cpp">
      <Filter>Source Files\Fundementals</Filter>
    </ClCompile>
    <ClCompile Include="Shape.cpp">
      <Filter>Source Files\Fundementals</Filter>
    </ClCompile>
    <ClCompile Include="Creature.cpp">
      <Filter>Source Files\Creatures</Filter>
    </ClCompile>
    <ClCompile Include="CreatureBrain.cpp">
      <Filter>Source Files\Creatures</Filter>
    </ClCompile>
    <ClCompile Include="CreatureGenome.cpp">
      <Filter>Source Files\Creatures</Filter>
    </ClCompile>
    <ClCompile Include="CreatureNeuron.cpp">
      <Filter>Source Files\Creatures</Filter>
    </ClCompile>
    <ClCompile Include="EvoProj V2.cpp">
      <Filter>Source Files\Managers</Filter>
    </ClCompile>
    <ClCompile Include="Logger.cpp">
      <Filter>Source Files\Managers</Filter>
    </ClCompile>
    <ClCompile Include="UpdateManager.cpp">
      <Filter>Source Files\Managers</Filter>
    </ClCompile>
    <ClCompile Include="NeuronAge.cpp">
      <Filter>Source Files\Creatures\Neurons</Filter>
    </ClCompile>
    <ClCompile Include="CreatureManager.cpp">
      <Filter>Source Files\Managers</Filter>
    </ClCompile>
    <ClCompile Include="NeuronMove.cpp">
      <Filter>Source Files\Creatures\Neurons</Filter>
    </ClCompile>
    <ClCompile Include="PerformanceAnalyser.cpp">
      <Filter>Source Files\Managers</Filter>
    </ClCompile>
    <ClCompile Include="NeuronRotate.cpp">
      <Filter>Source Files\Creatures\Neurons</Filter>
    </ClCompile>
    <ClCompile Include="SimulationSetup.cpp">
      <Filter>Source Files\Managers</Filter>
    </ClCompile>
    <ClCompile Include="NeuronON.cpp">
      <Filter>Source Files\Creatures\Neurons</Filter>
    </ClCompile>
    <ClCompile Include="NeuronEye.cpp">
      <Filter>Source Files\Creatures\Neurons</Filter>
    </ClCompile>
    <ClCompile Include="InputManager.cpp">
      <Filter>Source Files\Managers</Filter>
    </ClCompile>
    <ClCompile Include="NeuronOscillator.cpp">
      <Filter>Source Files\Creatures\Neurons</Filter>
    </ClCompile>
    <ClCompile Include="NeuronRand.cpp">
      <Filter>Source Files\Creatures\Neurons</Filter>
    </ClCompile>
    <ClCompile Include="BrainViewer.cpp">
      <Filter>Source Files\Managers\Visual</Filter>
    </ClCompile>
    <ClCompile Include="HUDManager.cpp">
      <Filter>Source Files\Managers\Visual</Filter>
    </ClCompile>
    <ClCompile Include="PaintManager.cpp">
      <Filter>Source Files\Managers\Visual</Filter>
    </ClCompile>
    <ClCompile Include="Button.cpp">
      <Filter>Source Files\Fundementals</Filter>
    </ClCompile>
    <ClCompile Include="SimulationManager.cpp">
      <Filter>Source Files\Managers</Filter>
    </ClCompile>
    <ClCompile Include="SpawnPoint.cpp">
      <Filter>Source Files\Managers</Filter>
    </ClCompile>
    <ClCompile Include="WallManager.cpp">
      <Filter>Source Files\Managers</Filter>
    </ClCompile>
    <ClCompile Include="ArenaManager.cpp">
      <Filter>Source Files\Managers</Filter>
    </ClCompile>
    <ClCompile Include="RewardToken.cpp">
      <Filter>Source Files\Fundementals</Filter>
    </ClCompile>
    <ClCompile Include="Collider.cpp">
      <Filter>Source Files\Fundementals</Filter>
    </ClCompile>
    <ClCompile Include="NeuronGetRot.cpp">
      <Filter>Source Files\Creatures\Neurons</Filter>
    </ClCompile>
    <ClCompile Include="NeuronBorder.cpp">
      <Filter>Source Files\Creatures\Neurons</Filter>
    </ClCompile>
  </ItemGroup>
  <ItemGroup>
    <ClInclude Include="Vector2.h">
      <Filter>Header Files</Filter>
    </ClInclude>
    <ClInclude Include="Shape.h">
      <Filter>Header Files</Filter>
    </ClInclude>
    <ClInclude Include="Logger.h">
      <Filter>Header Files</Filter>
    </ClInclude>
    <ClInclude Include="UpdateManager.h">
      <Filter>Header Files</Filter>
    </ClInclude>
    <ClInclude Include="PaintManager.h">
      <Filter>Header Files</Filter>
    </ClInclude>
    <ClInclude Include="Color.h">
      <Filter>Header Files</Filter>
    </ClInclude>
    <ClInclude Include="Creature.h">
      <Filter>Header Files</Filter>
    </ClInclude>
    <ClInclude Include="CreatureBrain.h">
      <Filter>Header Files</Filter>
    </ClInclude>
    <ClInclude Include="CreatureGenome.h">
      <Filter>Header Files</Filter>
    </ClInclude>
    <ClInclude Include="CreatureNeuron.h">
      <Filter>Header Files</Filter>
    </ClInclude>
    <ClInclude Include="NeuronAge.h">
      <Filter>Header Files</Filter>
    </ClInclude>
    <ClInclude Include="CreatureManager.h">
      <Filter>Header Files</Filter>
    </ClInclude>
    <ClInclude Include="NeuronMove.h">
      <Filter>Header Files</Filter>
    </ClInclude>
    <ClInclude Include="BrainViewer.h">
      <Filter>Header Files</Filter>
    </ClInclude>
    <ClInclude Include="PerformanceAnalyser.h">
      <Filter>Header Files</Filter>
    </ClInclude>
    <ClInclude Include="NeuronRotate.h">
      <Filter>Header Files</Filter>
    </ClInclude>
    <ClInclude Include="SimulationSetup.h">
      <Filter>Header Files</Filter>
    </ClInclude>
    <ClInclude Include="NeuronON.h">
      <Filter>Header Files</Filter>
    </ClInclude>
    <ClInclude Include="NeuronEye.h">
      <Filter>Header Files</Filter>
    </ClInclude>
    <ClInclude Include="InputManager.h">
      <Filter>Header Files</Filter>
    </ClInclude>
    <ClInclude Include="NeuronOscillator.h">
      <Filter>Header Files</Filter>
    </ClInclude>
    <ClInclude Include="NeuronRand.h">
      <Filter>Header Files</Filter>
    </ClInclude>
    <ClInclude Include="HUDManager.h">
      <Filter>Header Files</Filter>
    </ClInclude>
    <ClInclude Include="Button.h">
      <Filter>Header Files</Filter>
    </ClInclude>
    <ClInclude Include="SimulationManager.h">
      <Filter>Header Files</Filter>
    </ClInclude>
    <ClInclude Include="SpawnPoint.h">
      <Filter>Header Files</Filter>
    </ClInclude>
    <ClInclude Include="WallManager.h">
      <Filter>Header Files</Filter>
    </ClInclude>
    <ClInclude Include="ArenaManager.h">
      <Filter>Header Files</Filter>
    </ClInclude>
    <ClInclude Include="RewardToken.h">
      <Filter>Header Files</Filter>
    </ClInclude>
    <ClInclude Include="Collider.h">
      <Filter>Header Files</Filter>
    </ClInclude>
    <ClInclude Include="NeuronGetRot.h">
      <Filter>Header Files</Filter>
    </ClInclude>
    <ClInclude Include="NeuronBorder.h">
      <Filter>Header Files</Filter>
    </ClInclude>
  </ItemGroup>
</Project>